
Microsoft Visual Studio Solution File, Format Version 12.00
# Visual Studio 14
VisualStudioVersion = 14.0.23107.0
MinimumVisualStudioVersion = 10.0.40219.1
Project("{FAE04EC0-301F-11D3-BF4B-00C04F79EFBC}") = "WPF_USERCONTROL", "WPF_USERCONTROL\WPF_USERCONTROL.csproj", "{224101C0-7440-43A3-8953-1D6F7CFEA700}"
EndProject
Project("{FAE04EC0-301F-11D3-BF4B-00C04F79EFBC}") = "GS_HotelPro_RoomAssign", "GS_HotelPro_RoomAssign\GS_HotelPro_RoomAssign.csproj", "{431D8F20-5F35-4616-99D7-7A668F65FAFA}"
EndProject
Project("{FAE04EC0-301F-11D3-BF4B-00C04F79EFBC}") = "WindowsFormsApplication1", "WindowsFormsApplication1\WindowsFormsApplication1.csproj", "{03F642DF-5151-433F-B51F-7624F6AB1AD7}"
EndProject
Global
	GlobalSection(SolutionConfigurationPlatforms) = preSolution
		Debug|Any CPU = Debug|Any CPU
		Release|Any CPU = Release|Any CPU
	EndGlobalSection
	GlobalSection(ProjectConfigurationPlatforms) = postSolution
		{224101C0-7440-43A3-8953-1D6F7CFEA700}.Debug|Any CPU.ActiveCfg = Debug|Any CPU
		{224101C0-7440-43A3-8953-1D6F7CFEA700}.Debug|Any CPU.Build.0 = Debug|Any CPU
		{224101C0-7440-43A3-8953-1D6F7CFEA700}.Release|Any CPU.ActiveCfg = Release|Any CPU
		{224101C0-7440-43A3-8953-1D6F7CFEA700}.Release|Any CPU.Build.0 = Release|Any CPU
		{431D8F20-5F35-4616-99D7-7A668F65FAFA}.Debug|Any CPU.ActiveCfg = Debug|Any CPU
		{431D8F20-5F35-4616-99D7-7A668F65FAFA}.Debug|Any CPU.Build.0 = Debug|Any CPU
		{431D8F20-5F35-4616-99D7-7A668F65FAFA}.Release|Any CPU.ActiveCfg = Release|Any CPU
		{431D8F20-5F35-4616-99D7-7A668F65FAFA}.Release|Any CPU.Build.0 = Release|Any CPU
		{03F642DF-5151-433F-B51F-7624F6AB1AD7}.Debug|Any CPU.ActiveCfg = Debug|Any CPU
		{03F642DF-5151-433F-B51F-7624F6AB1AD7}.Debug|Any CPU.Build.0 = Debug|Any CPU
		{03F642DF-5151-433F-B51F-7624F6AB1AD7}.Release|Any CPU.ActiveCfg = Release|Any CPU
		{03F642DF-5151-433F-B51F-7624F6AB1AD7}.Release|Any CPU.Build.0 = Release|Any CPU
	EndGlobalSection
	GlobalSection(SolutionProperties) = preSolution
		HideSolutionNode = FALSE
	EndGlobalSection
EndGlobal
